// !$*UTF8*$!
{
	archiveVersion = 1;
	classes = {
	};
	objectVersion = 56;
	objects = {

/* Begin PBXBuildFile section */
		1901284C2B252F9000C33F89 /* SoundSpeedApp.swift in Sources */ = {isa = PBXBuildFile; fileRef = 1901284B2B252F9000C33F89 /* SoundSpeedApp.swift */; };
		1901284E2B252F9000C33F89 /* ContentView.swift in Sources */ = {isa = PBXBuildFile; fileRef = 1901284D2B252F9000C33F89 /* ContentView.swift */; };
		190128502B252F9200C33F89 /* Assets.xcassets in Resources */ = {isa = PBXBuildFile; fileRef = 1901284F2B252F9200C33F89 /* Assets.xcassets */; };
		190128532B252F9200C33F89 /* Preview Assets.xcassets in Resources */ = {isa = PBXBuildFile; fileRef = 190128522B252F9200C33F89 /* Preview Assets.xcassets */; };
		190128762B25325900C33F89 /* LocationViewModel.swift in Sources */ = {isa = PBXBuildFile; fileRef = 190128752B25325900C33F89 /* LocationViewModel.swift */; };
		194EBF402B26B074008E38AA /* SettingsView.swift in Sources */ = {isa = PBXBuildFile; fileRef = 194EBF3F2B26B074008E38AA /* SettingsView.swift */; };
		194EBF472B277DBF008E38AA /* Launch Screen.storyboard in Resources */ = {isa = PBXBuildFile; fileRef = 194EBF462B277DBF008E38AA /* Launch Screen.storyboard */; };
		196DEA7B2B26761B002B8917 /* WeatherViewModel.swift in Sources */ = {isa = PBXBuildFile; fileRef = 196DEA7A2B26761B002B8917 /* WeatherViewModel.swift */; };
		196DEA7D2B267A8D002B8917 /* SpeedViewModel.swift in Sources */ = {isa = PBXBuildFile; fileRef = 196DEA7C2B267A8D002B8917 /* SpeedViewModel.swift */; };
/* End PBXBuildFile section */

/* Begin PBXFileReference section */
		190128482B252F9000C33F89 /* SoundSpeed.app */ = {isa = PBXFileReference; explicitFileType = wrapper.application; includeInIndex = 0; path = SoundSpeed.app; sourceTree = BUILT_PRODUCTS_DIR; };
		1901284B2B252F9000C33F89 /* SoundSpeedApp.swift */ = {isa = PBXFileReference; lastKnownFileType = sourcecode.swift; path = SoundSpeedApp.swift; sourceTree = "<group>"; };
		1901284D2B252F9000C33F89 /* ContentView.swift */ = {isa = PBXFileReference; lastKnownFileType = sourcecode.swift; path = ContentView.swift; sourceTree = "<group>"; };
		1901284F2B252F9200C33F89 /* Assets.xcassets */ = {isa = PBXFileReference; lastKnownFileType = folder.assetcatalog; path = Assets.xcassets; sourceTree = "<group>"; };
		190128522B252F9200C33F89 /* Preview Assets.xcassets */ = {isa = PBXFileReference; lastKnownFileType = folder.assetcatalog; path = "Preview Assets.xcassets"; sourceTree = "<group>"; };
		190128752B25325900C33F89 /* LocationViewModel.swift */ = {isa = PBXFileReference; lastKnownFileType = sourcecode.swift; path = LocationViewModel.swift; sourceTree = "<group>"; };
		190128782B253BE400C33F89 /* SoundSpeed.entitlements */ = {isa = PBXFileReference; lastKnownFileType = text.plist.entitlements; path = SoundSpeed.entitlements; sourceTree = "<group>"; };
		190128792B253CF800C33F89 /* Info.plist */ = {isa = PBXFileReference; lastKnownFileType = text.plist; path = Info.plist; sourceTree = "<group>"; };
		194EBF3F2B26B074008E38AA /* SettingsView.swift */ = {isa = PBXFileReference; lastKnownFileType = sourcecode.swift; path = SettingsView.swift; sourceTree = "<group>"; };
		194EBF462B277DBF008E38AA /* Launch Screen.storyboard */ = {isa = PBXFileReference; lastKnownFileType = file.storyboard; path = "Launch Screen.storyboard"; sourceTree = "<group>"; };
		196DEA7A2B26761B002B8917 /* WeatherViewModel.swift */ = {isa = PBXFileReference; lastKnownFileType = sourcecode.swift; path = WeatherViewModel.swift; sourceTree = "<group>"; };
		196DEA7C2B267A8D002B8917 /* SpeedViewModel.swift */ = {isa = PBXFileReference; lastKnownFileType = sourcecode.swift; path = SpeedViewModel.swift; sourceTree = "<group>"; };
/* End PBXFileReference section */

/* Begin PBXFrameworksBuildPhase section */
		190128452B252F9000C33F89 /* Frameworks */ = {
			isa = PBXFrameworksBuildPhase;
			buildActionMask = 2147483647;
			files = (
			);
			runOnlyForDeploymentPostprocessing = 0;
		};
/* End PBXFrameworksBuildPhase section */

/* Begin PBXGroup section */
		1901283F2B252F9000C33F89 = {
			isa = PBXGroup;
			children = (
				1901284A2B252F9000C33F89 /* SoundSpeed */,
				190128492B252F9000C33F89 /* Products */,
			);
			sourceTree = "<group>";
		};
		190128492B252F9000C33F89 /* Products */ = {
			isa = PBXGroup;
			children = (
				190128482B252F9000C33F89 /* SoundSpeed.app */,
			);
			name = Products;
			sourceTree = "<group>";
		};
		1901284A2B252F9000C33F89 /* SoundSpeed */ = {
			isa = PBXGroup;
			children = (
				194EBF462B277DBF008E38AA /* Launch Screen.storyboard */,
				190128792B253CF800C33F89 /* Info.plist */,
				190128782B253BE400C33F89 /* SoundSpeed.entitlements */,
				1901284B2B252F9000C33F89 /* SoundSpeedApp.swift */,
				1901284D2B252F9000C33F89 /* ContentView.swift */,
				194EBF3F2B26B074008E38AA /* SettingsView.swift */,
				1901284F2B252F9200C33F89 /* Assets.xcassets */,
				190128512B252F9200C33F89 /* Preview Content */,
				190128752B25325900C33F89 /* LocationViewModel.swift */,
				196DEA7A2B26761B002B8917 /* WeatherViewModel.swift */,
				196DEA7C2B267A8D002B8917 /* SpeedViewModel.swift */,
			);
			path = SoundSpeed;
			sourceTree = "<group>";
		};
		190128512B252F9200C33F89 /* Preview Content */ = {
			isa = PBXGroup;
			children = (
				190128522B252F9200C33F89 /* Preview Assets.xcassets */,
			);
			path = "Preview Content";
			sourceTree = "<group>";
		};
/* End PBXGroup section */

/* Begin PBXNativeTarget section */
		190128472B252F9000C33F89 /* SoundSpeed */ = {
			isa = PBXNativeTarget;
			buildConfigurationList = 1901286C2B252F9200C33F89 /* Build configuration list for PBXNativeTarget "SoundSpeed" */;
			buildPhases = (
				190128442B252F9000C33F89 /* Sources */,
				190128452B252F9000C33F89 /* Frameworks */,
				190128462B252F9000C33F89 /* Resources */,
			);
			buildRules = (
			);
			dependencies = (
			);
			name = SoundSpeed;
			productName = "Sound Weather";
			productReference = 190128482B252F9000C33F89 /* SoundSpeed.app */;
			productType = "com.apple.product-type.application";
		};
/* End PBXNativeTarget section */

/* Begin PBXProject section */
		190128402B252F9000C33F89 /* Project object */ = {
			isa = PBXProject;
			attributes = {
				BuildIndependentTargetsInParallel = 1;
				LastSwiftUpdateCheck = 1500;
				LastUpgradeCheck = 1500;
				TargetAttributes = {
					190128472B252F9000C33F89 = {
						CreatedOnToolsVersion = 15.0.1;
					};
				};
			};
			buildConfigurationList = 190128432B252F9000C33F89 /* Build configuration list for PBXProject "SoundSpeed" */;
			compatibilityVersion = "Xcode 14.0";
			developmentRegion = en;
			hasScannedForEncodings = 0;
			knownRegions = (
				en,
				Base,
			);
			mainGroup = 1901283F2B252F9000C33F89;
			productRefGroup = 190128492B252F9000C33F89 /* Products */;
			projectDirPath = "";
			projectRoot = "";
			targets = (
				190128472B252F9000C33F89 /* SoundSpeed */,
			);
		};
/* End PBXProject section */

/* Begin PBXResourcesBuildPhase section */
		190128462B252F9000C33F89 /* Resources */ = {
			isa = PBXResourcesBuildPhase;
			buildActionMask = 2147483647;
			files = (
				194EBF472B277DBF008E38AA /* Launch Screen.storyboard in Resources */,
				190128532B252F9200C33F89 /* Preview Assets.xcassets in Resources */,
				190128502B252F9200C33F89 /* Assets.xcassets in Resources */,
			);
			runOnlyForDeploymentPostprocessing = 0;
		};
/* End PBXResourcesBuildPhase section */

/* Begin PBXSourcesBuildPhase section */
		190128442B252F9000C33F89 /* Sources */ = {
			isa = PBXSourcesBuildPhase;
			buildActionMask = 2147483647;
			files = (
				194EBF402B26B074008E38AA /* SettingsView.swift in Sources */,
				196DEA7D2B267A8D002B8917 /* SpeedViewModel.swift in Sources */,
				196DEA7B2B26761B002B8917 /* WeatherViewModel.swift in Sources */,
				1901284E2B252F9000C33F89 /* ContentView.swift in Sources */,
				190128762B25325900C33F89 /* LocationViewModel.swift in Sources */,
				1901284C2B252F9000C33F89 /* SoundSpeedApp.swift in Sources */,
			);
			runOnlyForDeploymentPostprocessing = 0;
		};
/* End PBXSourcesBuildPhase section */

/* Begin XCBuildConfiguration section */
		1901286A2B252F9200C33F89 /* Debug */ = {
			isa = XCBuildConfiguration;
			buildSettings = {
				ALWAYS_SEARCH_USER_PATHS = NO;
				ASSETCATALOG_COMPILER_GENERATE_SWIFT_ASSET_SYMBOL_EXTENSIONS = YES;
				CLANG_ANALYZER_NONNULL = YES;
				CLANG_ANALYZER_NUMBER_OBJECT_CONVERSION = YES_AGGRESSIVE;
				CLANG_CXX_LANGUAGE_STANDARD = "gnu++20";
				CLANG_ENABLE_MODULES = YES;
				CLANG_ENABLE_OBJC_ARC = YES;
				CLANG_ENABLE_OBJC_WEAK = YES;
				CLANG_WARN_BLOCK_CAPTURE_AUTORELEASING = YES;
				CLANG_WARN_BOOL_CONVERSION = YES;
				CLANG_WARN_COMMA = YES;
				CLANG_WARN_CONSTANT_CONVERSION = YES;
				CLANG_WARN_DEPRECATED_OBJC_IMPLEMENTATIONS = YES;
				CLANG_WARN_DIRECT_OBJC_ISA_USAGE = YES_ERROR;
				CLANG_WARN_DOCUMENTATION_COMMENTS = YES;
				CLANG_WARN_EMPTY_BODY = YES;
				CLANG_WARN_ENUM_CONVERSION = YES;
				CLANG_WARN_INFINITE_RECURSION = YES;
				CLANG_WARN_INT_CONVERSION = YES;
				CLANG_WARN_NON_LITERAL_NULL_CONVERSION = YES;
				CLANG_WARN_OBJC_IMPLICIT_RETAIN_SELF = YES;
				CLANG_WARN_OBJC_LITERAL_CONVERSION = YES;
				CLANG_WARN_OBJC_ROOT_CLASS = YES_ERROR;
				CLANG_WARN_QUOTED_INCLUDE_IN_FRAMEWORK_HEADER = YES;
				CLANG_WARN_RANGE_LOOP_ANALYSIS = YES;
				CLANG_WARN_STRICT_PROTOTYPES = YES;
				CLANG_WARN_SUSPICIOUS_MOVE = YES;
				CLANG_WARN_UNGUARDED_AVAILABILITY = YES_AGGRESSIVE;
				CLANG_WARN_UNREACHABLE_CODE = YES;
				CLANG_WARN__DUPLICATE_METHOD_MATCH = YES;
				COPY_PHASE_STRIP = NO;
				DEBUG_INFORMATION_FORMAT = dwarf;
				ENABLE_STRICT_OBJC_MSGSEND = YES;
				ENABLE_TESTABILITY = YES;
				ENABLE_USER_SCRIPT_SANDBOXING = YES;
				GCC_C_LANGUAGE_STANDARD = gnu17;
				GCC_DYNAMIC_NO_PIC = NO;
				GCC_NO_COMMON_BLOCKS = YES;
				GCC_OPTIMIZATION_LEVEL = 0;
				GCC_PREPROCESSOR_DEFINITIONS = (
					"DEBUG=1",
					"$(inherited)",
				);
				GCC_WARN_64_TO_32_BIT_CONVERSION = YES;
				GCC_WARN_ABOUT_RETURN_TYPE = YES_ERROR;
				GCC_WARN_UNDECLARED_SELECTOR = YES;
				GCC_WARN_UNINITIALIZED_AUTOS = YES_AGGRESSIVE;
				GCC_WARN_UNUSED_FUNCTION = YES;
				GCC_WARN_UNUSED_VARIABLE = YES;
				IPHONEOS_DEPLOYMENT_TARGET = 17.0;
				LOCALIZATION_PREFERS_STRING_CATALOGS = YES;
				MTL_ENABLE_DEBUG_INFO = INCLUDE_SOURCE;
				MTL_FAST_MATH = YES;
				ONLY_ACTIVE_ARCH = YES;
				SDKROOT = iphoneos;
				SWIFT_ACTIVE_COMPILATION_CONDITIONS = "DEBUG $(inherited)";
				SWIFT_OPTIMIZATION_LEVEL = "-Onone";
			};
			name = Debug;
		};
		1901286B2B252F9200C33F89 /* Release */ = {
			isa = XCBuildConfiguration;
			buildSettings = {
				ALWAYS_SEARCH_USER_PATHS = NO;
				ASSETCATALOG_COMPILER_GENERATE_SWIFT_ASSET_SYMBOL_EXTENSIONS = YES;
				CLANG_ANALYZER_NONNULL = YES;
				CLANG_ANALYZER_NUMBER_OBJECT_CONVERSION = YES_AGGRESSIVE;
				CLANG_CXX_LANGUAGE_STANDARD = "gnu++20";
				CLANG_ENABLE_MODULES = YES;
				CLANG_ENABLE_OBJC_ARC = YES;
				CLANG_ENABLE_OBJC_WEAK = YES;
				CLANG_WARN_BLOCK_CAPTURE_AUTORELEASING = YES;
				CLANG_WARN_BOOL_CONVERSION = YES;
				CLANG_WARN_COMMA = YES;
				CLANG_WARN_CONSTANT_CONVERSION = YES;
				CLANG_WARN_DEPRECATED_OBJC_IMPLEMENTATIONS = YES;
				CLANG_WARN_DIRECT_OBJC_ISA_USAGE = YES_ERROR;
				CLANG_WARN_DOCUMENTATION_COMMENTS = YES;
				CLANG_WARN_EMPTY_BODY = YES;
				CLANG_WARN_ENUM_CONVERSION = YES;
				CLANG_WARN_INFINITE_RECURSION = YES;
				CLANG_WARN_INT_CONVERSION = YES;
				CLANG_WARN_NON_LITERAL_NULL_CONVERSION = YES;
				CLANG_WARN_OBJC_IMPLICIT_RETAIN_SELF = YES;
				CLANG_WARN_OBJC_LITERAL_CONVERSION = YES;
				CLANG_WARN_OBJC_ROOT_CLASS = YES_ERROR;
				CLANG_WARN_QUOTED_INCLUDE_IN_FRAMEWORK_HEADER = YES;
				CLANG_WARN_RANGE_LOOP_ANALYSIS = YES;
				CLANG_WARN_STRICT_PROTOTYPES = YES;
				CLANG_WARN_SUSPICIOUS_MOVE = YES;
				CLANG_WARN_UNGUARDED_AVAILABILITY = YES_AGGRESSIVE;
				CLANG_WARN_UNREACHABLE_CODE = YES;
				CLANG_WARN__DUPLICATE_METHOD_MATCH = YES;
				COPY_PHASE_STRIP = NO;
				DEBUG_INFORMATION_FORMAT = "dwarf-with-dsym";
				ENABLE_NS_ASSERTIONS = NO;
				ENABLE_STRICT_OBJC_MSGSEND = YES;
				ENABLE_USER_SCRIPT_SANDBOXING = YES;
				GCC_C_LANGUAGE_STANDARD = gnu17;
				GCC_NO_COMMON_BLOCKS = YES;
				GCC_WARN_64_TO_32_BIT_CONVERSION = YES;
				GCC_WARN_ABOUT_RETURN_TYPE = YES_ERROR;
				GCC_WARN_UNDECLARED_SELECTOR = YES;
				GCC_WARN_UNINITIALIZED_AUTOS = YES_AGGRESSIVE;
				GCC_WARN_UNUSED_FUNCTION = YES;
				GCC_WARN_UNUSED_VARIABLE = YES;
				IPHONEOS_DEPLOYMENT_TARGET = 17.0;
				LOCALIZATION_PREFERS_STRING_CATALOGS = YES;
				MTL_ENABLE_DEBUG_INFO = NO;
				MTL_FAST_MATH = YES;
				SDKROOT = iphoneos;
				SWIFT_COMPILATION_MODE = wholemodule;
				VALIDATE_PRODUCT = YES;
			};
			name = Release;
		};
		1901286D2B252F9200C33F89 /* Debug */ = {
			isa = XCBuildConfiguration;
			buildSettings = {
				ASSETCATALOG_COMPILER_APPICON_NAME = AppIcon;
				ASSETCATALOG_COMPILER_GLOBAL_ACCENT_COLOR_NAME = AccentColor;
				ASSETCATALOG_COMPILER_INCLUDE_ALL_APPICON_ASSETS = YES;
				CODE_SIGN_ENTITLEMENTS = SoundSpeed/SoundSpeed.entitlements;
				CODE_SIGN_STYLE = Automatic;
				CURRENT_PROJECT_VERSION = 1;
				DEVELOPMENT_ASSET_PATHS = "\"SoundSpeed/Preview Content\"";
				DEVELOPMENT_TEAM = R5V2MR3PN8;
				ENABLE_PREVIEWS = YES;
				GENERATE_INFOPLIST_FILE = YES;
				INFOPLIST_FILE = SoundSpeed/Info.plist;
				INFOPLIST_KEY_CFBundleDisplayName = "Sound Speed";
				INFOPLIST_KEY_LSApplicationCategoryType = "public.app-category.utilities";
				INFOPLIST_KEY_NSLocationWhenInUseUsageDescription = "This app needs your location.";
				INFOPLIST_KEY_UIApplicationSceneManifest_Generation = YES;
				INFOPLIST_KEY_UIApplicationSupportsIndirectInputEvents = YES;
				INFOPLIST_KEY_UILaunchScreen_Generation = YES;
				INFOPLIST_KEY_UISupportedInterfaceOrientations_iPad = "UIInterfaceOrientationPortrait UIInterfaceOrientationPortraitUpsideDown UIInterfaceOrientationLandscapeLeft UIInterfaceOrientationLandscapeRight";
				INFOPLIST_KEY_UISupportedInterfaceOrientations_iPhone = "UIInterfaceOrientationPortrait UIInterfaceOrientationLandscapeLeft UIInterfaceOrientationLandscapeRight";
				IPHONEOS_DEPLOYMENT_TARGET = 16.0;
				LD_RUNPATH_SEARCH_PATHS = (
					"$(inherited)",
					"@executable_path/Frameworks",
				);
				MARKETING_VERSION = 1.0.0;
				PRODUCT_BUNDLE_IDENTIFIER = com.marcuspainter.SoundSpeed;
				PRODUCT_NAME = "$(TARGET_NAME)";
				SWIFT_EMIT_LOC_STRINGS = YES;
				SWIFT_VERSION = 5.0;
				TARGETED_DEVICE_FAMILY = "1,2";
			};
			name = Debug;
		};
		1901286E2B252F9200C33F89 /* Release */ = {
			isa = XCBuildConfiguration;
			buildSettings = {
				ASSETCATALOG_COMPILER_APPICON_NAME = AppIcon;
				ASSETCATALOG_COMPILER_GLOBAL_ACCENT_COLOR_NAME = AccentColor;
				ASSETCATALOG_COMPILER_INCLUDE_ALL_APPICON_ASSETS = YES;
				CODE_SIGN_ENTITLEMENTS = SoundSpeed/SoundSpeed.entitlements;
				CODE_SIGN_STYLE = Automatic;
				CURRENT_PROJECT_VERSION = 1;
				DEVELOPMENT_ASSET_PATHS = "\"SoundSpeed/Preview Content\"";
				DEVELOPMENT_TEAM = R5V2MR3PN8;
				ENABLE_PREVIEWS = YES;
				GENERATE_INFOPLIST_FILE = YES;
				INFOPLIST_FILE = SoundSpeed/Info.plist;
				INFOPLIST_KEY_CFBundleDisplayName = "Sound Speed";
				INFOPLIST_KEY_LSApplicationCategoryType = "public.app-category.utilities";
				INFOPLIST_KEY_NSLocationWhenInUseUsageDescription = "This app needs your location.";
				INFOPLIST_KEY_UIApplicationSceneManifest_Generation = YES;
				INFOPLIST_KEY_UIApplicationSupportsIndirectInputEvents = YES;
				INFOPLIST_KEY_UILaunchScreen_Generation = YES;
				INFOPLIST_KEY_UISupportedInterfaceOrientations_iPad = "UIInterfaceOrientationPortrait UIInterfaceOrientationPortraitUpsideDown UIInterfaceOrientationLandscapeLeft UIInterfaceOrientationLandscapeRight";
				INFOPLIST_KEY_UISupportedInterfaceOrientations_iPhone = "UIInterfaceOrientationPortrait UIInterfaceOrientationLandscapeLeft UIInterfaceOrientationLandscapeRight";
				IPHONEOS_DEPLOYMENT_TARGET = 16.0;
				LD_RUNPATH_SEARCH_PATHS = (
					"$(inherited)",
					"@executable_path/Frameworks",
				);
				MARKETING_VERSION = 1.0.0;
				PRODUCT_BUNDLE_IDENTIFIER = com.marcuspainter.SoundSpeed;
				PRODUCT_NAME = "$(TARGET_NAME)";
				SWIFT_EMIT_LOC_STRINGS = YES;
				SWIFT_VERSION = 5.0;
				TARGETED_DEVICE_FAMILY = "1,2";
			};
			name = Release;
		};
/* End XCBuildConfiguration section */

/* Begin XCConfigurationList section */
		190128432B252F9000C33F89 /* Build configuration list for PBXProject "SoundSpeed" */ = {
			isa = XCConfigurationList;
			buildConfigurations = (
				1901286A2B252F9200C33F89 /* Debug */,
				1901286B2B252F9200C33F89 /* Release */,
			);
			defaultConfigurationIsVisible = 0;
			defaultConfigurationName = Release;
		};
		1901286C2B252F9200C33F89 /* Build configuration list for PBXNativeTarget "SoundSpeed" */ = {
			isa = XCConfigurationList;
			buildConfigurations = (
				1901286D2B252F9200C33F89 /* Debug */,
				1901286E2B252F9200C33F89 /* Release */,
			);
			defaultConfigurationIsVisible = 0;
			defaultConfigurationName = Release;
		};
/* End XCConfigurationList section */
	};
	rootObject = 190128402B252F9000C33F89 /* Project object */;
}
